
Microsoft Visual Studio Solution File, Format Version 12.00
# Visual Studio 2013
VisualStudioVersion = 12.0.30501.0
MinimumVisualStudioVersion = 10.0.40219.1
Project("{FAE04EC0-301F-11D3-BF4B-00C04F79EFBC}") = "BeforeAfter", "BeforeAfter\BeforeAfter.csproj", "{3CBA2B61-46E8-4EA1-8F60-ED9690ABC8E6}"
EndProject
Project("{FAE04EC0-301F-11D3-BF4B-00C04F79EFBC}") = "Intercept", "Intercept\Intercept.csproj", "{1D9AE5E0-E42F-49A8-9599-C4891B36C4BE}"
EndProject
Project("{FAE04EC0-301F-11D3-BF4B-00C04F79EFBC}") = "Location", "Location\Location.csproj", "{D0342926-601E-4FBF-8CE1-040DC7A6B3B5}"
EndProject
Global
	GlobalSection(SolutionConfigurationPlatforms) = preSolution
		Debug|Any CPU = Debug|Any CPU
		Release|Any CPU = Release|Any CPU
	EndGlobalSection
	GlobalSection(ProjectConfigurationPlatforms) = postSolution
		{3CBA2B61-46E8-4EA1-8F60-ED9690ABC8E6}.Debug|Any CPU.ActiveCfg = Debug|Any CPU
		{3CBA2B61-46E8-4EA1-8F60-ED9690ABC8E6}.Debug|Any CPU.Build.0 = Debug|Any CPU
		{3CBA2B61-46E8-4EA1-8F60-ED9690ABC8E6}.Release|Any CPU.ActiveCfg = Release|Any CPU
		{3CBA2B61-46E8-4EA1-8F60-ED9690ABC8E6}.Release|Any CPU.Build.0 = Release|Any CPU
		{1D9AE5E0-E42F-49A8-9599-C4891B36C4BE}.Debug|Any CPU.ActiveCfg = Debug|Any CPU
		{1D9AE5E0-E42F-49A8-9599-C4891B36C4BE}.Debug|Any CPU.Build.0 = Debug|Any CPU
		{1D9AE5E0-E42F-49A8-9599-C4891B36C4BE}.Release|Any CPU.ActiveCfg = Release|Any CPU
		{1D9AE5E0-E42F-49A8-9599-C4891B36C4BE}.Release|Any CPU.Build.0 = Release|Any CPU
		{D0342926-601E-4FBF-8CE1-040DC7A6B3B5}.Debug|Any CPU.ActiveCfg = Debug|Any CPU
		{D0342926-601E-4FBF-8CE1-040DC7A6B3B5}.Debug|Any CPU.Build.0 = Debug|Any CPU
		{D0342926-601E-4FBF-8CE1-040DC7A6B3B5}.Release|Any CPU.ActiveCfg = Release|Any CPU
		{D0342926-601E-4FBF-8CE1-040DC7A6B3B5}.Release|Any CPU.Build.0 = Release|Any CPU
	EndGlobalSection
	GlobalSection(SolutionProperties) = preSolution
		HideSolutionNode = FALSE
	EndGlobalSection
EndGlobal
